
Microsoft Visual Studio Solution File, Format Version 12.00
# Visual Studio 2013
VisualStudioVersion = 12.0.30723.0
MinimumVisualStudioVersion = 10.0.40219.1
Project("{2150E333-8FDC-42A3-9474-1A3956D46DE8}") = "Libraries", "Libraries", "{91C93180-0671-4F6D-B0F2-AF0AAE034105}"
EndProject
Project("{FAE04EC0-301F-11D3-BF4B-00C04F79EFBC}") = "Imperial.Data.Entities", "Imperial.Data.Entities\Imperial.Data.Entities.csproj", "{884AC53F-66EE-428A-84AC-D4611CC1C3EE}"
EndProject
Global
	GlobalSection(SolutionConfigurationPlatforms) = preSolution
		Debug|Any CPU = Debug|Any CPU
		Release|Any CPU = Release|Any CPU
	EndGlobalSection
	GlobalSection(ProjectConfigurationPlatforms) = postSolution
		{884AC53F-66EE-428A-84AC-D4611CC1C3EE}.Debug|Any CPU.ActiveCfg = Debug|Any CPU
		{884AC53F-66EE-428A-84AC-D4611CC1C3EE}.Debug|Any CPU.Build.0 = Debug|Any CPU
		{884AC53F-66EE-428A-84AC-D4611CC1C3EE}.Release|Any CPU.ActiveCfg = Release|Any CPU
		{884AC53F-66EE-428A-84AC-D4611CC1C3EE}.Release|Any CPU.Build.0 = Release|Any CPU
	EndGlobalSection
	GlobalSection(SolutionProperties) = preSolution
		HideSolutionNode = FALSE
	EndGlobalSection
	GlobalSection(NestedProjects) = preSolution
		{884AC53F-66EE-428A-84AC-D4611CC1C3EE} = {91C93180-0671-4F6D-B0F2-AF0AAE034105}
	EndGlobalSection
EndGlobal
