
Microsoft Visual Studio Solution File, Format Version 12.00
# Visual Studio 2013
VisualStudioVersion = 12.0.31101.0
MinimumVisualStudioVersion = 10.0.40219.1
Project("{2150E333-8FDC-42A3-9474-1A3956D46DE8}") = "Libraries", "Libraries", "{91C93180-0671-4F6D-B0F2-AF0AAE034105}"
EndProject
Project("{FAE04EC0-301F-11D3-BF4B-00C04F79EFBC}") = "Imperial.Data.Entities", "Imperial.Data.Entities\Imperial.Data.Entities.csproj", "{884AC53F-66EE-428A-84AC-D4611CC1C3EE}"
EndProject
Project("{FAE04EC0-301F-11D3-BF4B-00C04F79EFBC}") = "Api", "Api\Api.csproj", "{0E801C5D-F8DD-456F-AE3B-42C99A413B58}"
EndProject
Project("{FAE04EC0-301F-11D3-BF4B-00C04F79EFBC}") = "Imperial.Data.Repository", "Imperial.Data.Repository\Imperial.Data.Repository.csproj", "{50583188-ADE9-4762-B406-1BC67A8B4BDA}"
EndProject
Project("{FAE04EC0-301F-11D3-BF4B-00C04F79EFBC}") = "Imperial.Data.EF", "Imperial.Data.EF\Imperial.Data.EF.csproj", "{607A7C9C-A7DF-4358-9DCB-3038BD407920}"
EndProject
Global
	GlobalSection(SolutionConfigurationPlatforms) = preSolution
		Debug|Any CPU = Debug|Any CPU
		Release|Any CPU = Release|Any CPU
		Staging|Any CPU = Staging|Any CPU
	EndGlobalSection
	GlobalSection(ProjectConfigurationPlatforms) = postSolution
		{884AC53F-66EE-428A-84AC-D4611CC1C3EE}.Debug|Any CPU.ActiveCfg = Debug|Any CPU
		{884AC53F-66EE-428A-84AC-D4611CC1C3EE}.Debug|Any CPU.Build.0 = Debug|Any CPU
		{884AC53F-66EE-428A-84AC-D4611CC1C3EE}.Release|Any CPU.ActiveCfg = Release|Any CPU
		{884AC53F-66EE-428A-84AC-D4611CC1C3EE}.Release|Any CPU.Build.0 = Release|Any CPU
		{884AC53F-66EE-428A-84AC-D4611CC1C3EE}.Staging|Any CPU.ActiveCfg = Staging|Any CPU
		{884AC53F-66EE-428A-84AC-D4611CC1C3EE}.Staging|Any CPU.Build.0 = Staging|Any CPU
		{0E801C5D-F8DD-456F-AE3B-42C99A413B58}.Debug|Any CPU.ActiveCfg = Debug|Any CPU
		{0E801C5D-F8DD-456F-AE3B-42C99A413B58}.Debug|Any CPU.Build.0 = Debug|Any CPU
		{0E801C5D-F8DD-456F-AE3B-42C99A413B58}.Release|Any CPU.ActiveCfg = Release|Any CPU
		{0E801C5D-F8DD-456F-AE3B-42C99A413B58}.Release|Any CPU.Build.0 = Release|Any CPU
		{0E801C5D-F8DD-456F-AE3B-42C99A413B58}.Staging|Any CPU.ActiveCfg = Staging|Any CPU
		{0E801C5D-F8DD-456F-AE3B-42C99A413B58}.Staging|Any CPU.Build.0 = Staging|Any CPU
		{50583188-ADE9-4762-B406-1BC67A8B4BDA}.Debug|Any CPU.ActiveCfg = Debug|Any CPU
		{50583188-ADE9-4762-B406-1BC67A8B4BDA}.Debug|Any CPU.Build.0 = Debug|Any CPU
		{50583188-ADE9-4762-B406-1BC67A8B4BDA}.Release|Any CPU.ActiveCfg = Release|Any CPU
		{50583188-ADE9-4762-B406-1BC67A8B4BDA}.Release|Any CPU.Build.0 = Release|Any CPU
		{50583188-ADE9-4762-B406-1BC67A8B4BDA}.Staging|Any CPU.ActiveCfg = Staging|Any CPU
		{50583188-ADE9-4762-B406-1BC67A8B4BDA}.Staging|Any CPU.Build.0 = Staging|Any CPU
		{607A7C9C-A7DF-4358-9DCB-3038BD407920}.Debug|Any CPU.ActiveCfg = Debug|Any CPU
		{607A7C9C-A7DF-4358-9DCB-3038BD407920}.Debug|Any CPU.Build.0 = Debug|Any CPU
		{607A7C9C-A7DF-4358-9DCB-3038BD407920}.Release|Any CPU.ActiveCfg = Release|Any CPU
		{607A7C9C-A7DF-4358-9DCB-3038BD407920}.Release|Any CPU.Build.0 = Release|Any CPU
		{607A7C9C-A7DF-4358-9DCB-3038BD407920}.Staging|Any CPU.ActiveCfg = Staging|Any CPU
		{607A7C9C-A7DF-4358-9DCB-3038BD407920}.Staging|Any CPU.Build.0 = Staging|Any CPU
	EndGlobalSection
	GlobalSection(SolutionProperties) = preSolution
		HideSolutionNode = FALSE
	EndGlobalSection
	GlobalSection(NestedProjects) = preSolution
		{884AC53F-66EE-428A-84AC-D4611CC1C3EE} = {91C93180-0671-4F6D-B0F2-AF0AAE034105}
		{50583188-ADE9-4762-B406-1BC67A8B4BDA} = {91C93180-0671-4F6D-B0F2-AF0AAE034105}
		{607A7C9C-A7DF-4358-9DCB-3038BD407920} = {91C93180-0671-4F6D-B0F2-AF0AAE034105}
	EndGlobalSection
EndGlobal
